// !$*UTF8*$!
{
	archiveVersion = 1;
	classes = {
	};
	objectVersion = 55;
	objects = {

/* Begin PBXBuildFile section */
		2A2C622627E5AAA400F39A0F /* AppDelegate.swift in Sources */ = {isa = PBXBuildFile; fileRef = 2A2C622527E5AAA400F39A0F /* AppDelegate.swift */; };
		2A2C622827E5AAA400F39A0F /* SceneDelegate.swift in Sources */ = {isa = PBXBuildFile; fileRef = 2A2C622727E5AAA400F39A0F /* SceneDelegate.swift */; };
		2A2C622A27E5AAA400F39A0F /* HomeViewController.swift in Sources */ = {isa = PBXBuildFile; fileRef = 2A2C622927E5AAA400F39A0F /* HomeViewController.swift */; };
		2A2C622D27E5AAA400F39A0F /* Main.storyboard in Resources */ = {isa = PBXBuildFile; fileRef = 2A2C622B27E5AAA400F39A0F /* Main.storyboard */; };
		2A2C623027E5AAA400F39A0F /* GoldmanSachs.xcdatamodeld in Sources */ = {isa = PBXBuildFile; fileRef = 2A2C622E27E5AAA400F39A0F /* GoldmanSachs.xcdatamodeld */; };
		2A2C623227E5AAA800F39A0F /* Assets.xcassets in Resources */ = {isa = PBXBuildFile; fileRef = 2A2C623127E5AAA800F39A0F /* Assets.xcassets */; };
		2A2C623527E5AAA800F39A0F /* LaunchScreen.storyboard in Resources */ = {isa = PBXBuildFile; fileRef = 2A2C623327E5AAA800F39A0F /* LaunchScreen.storyboard */; };
		2A2C624027E5AAA800F39A0F /* GoldmanSachsTests.swift in Sources */ = {isa = PBXBuildFile; fileRef = 2A2C623F27E5AAA800F39A0F /* GoldmanSachsTests.swift */; };
		2A2C624A27E5AAA800F39A0F /* GoldmanSachsUITests.swift in Sources */ = {isa = PBXBuildFile; fileRef = 2A2C624927E5AAA800F39A0F /* GoldmanSachsUITests.swift */; };
		2A2C624C27E5AAA800F39A0F /* GoldmanSachsUITestsLaunchTests.swift in Sources */ = {isa = PBXBuildFile; fileRef = 2A2C624B27E5AAA800F39A0F /* GoldmanSachsUITestsLaunchTests.swift */; };
		2A2C625A27E5AACF00F39A0F /* DataModel.swift in Sources */ = {isa = PBXBuildFile; fileRef = 2A2C625927E5AACF00F39A0F /* DataModel.swift */; };
		2A2C625F27E5ADE700F39A0F /* HomeViewModel.swift in Sources */ = {isa = PBXBuildFile; fileRef = 2A2C625E27E5ADE700F39A0F /* HomeViewModel.swift */; };
		2A2C626227E5AF6C00F39A0F /* NetworkLayer.swift in Sources */ = {isa = PBXBuildFile; fileRef = 2A2C626127E5AF6C00F39A0F /* NetworkLayer.swift */; };
		2A2C626427E5B28800F39A0F /* Constants.swift in Sources */ = {isa = PBXBuildFile; fileRef = 2A2C626327E5B28800F39A0F /* Constants.swift */; };
		2A2C626B27E5BEE400F39A0F /* CustomImageView.swift in Sources */ = {isa = PBXBuildFile; fileRef = 2A2C626A27E5BEE400F39A0F /* CustomImageView.swift */; };
		2A2C626E27E5C79F00F39A0F /* HomeTableViewCell.swift in Sources */ = {isa = PBXBuildFile; fileRef = 2A2C626C27E5C79F00F39A0F /* HomeTableViewCell.swift */; };
		2A2C626F27E5C79F00F39A0F /* HomeTableViewCell.xib in Resources */ = {isa = PBXBuildFile; fileRef = 2A2C626D27E5C79F00F39A0F /* HomeTableViewCell.xib */; };
		2A2C627227E62FF800F39A0F /* Reachibility.swift in Sources */ = {isa = PBXBuildFile; fileRef = 2A2C627127E62FF800F39A0F /* Reachibility.swift */; };
		2A2C627427E6300100F39A0F /* ReachabilityManager.swift in Sources */ = {isa = PBXBuildFile; fileRef = 2A2C627327E6300000F39A0F /* ReachabilityManager.swift */; };
		2A2C627727E6DD4000F39A0F /* ManageViewController.swift in Sources */ = {isa = PBXBuildFile; fileRef = 2A2C627627E6DD4000F39A0F /* ManageViewController.swift */; };
		2A2C627B27E6DD5D00F39A0F /* ManageViewModel.swift in Sources */ = {isa = PBXBuildFile; fileRef = 2A2C627A27E6DD5D00F39A0F /* ManageViewModel.swift */; };
		2A2C627E27E6DD7100F39A0F /* ManageModel.swift in Sources */ = {isa = PBXBuildFile; fileRef = 2A2C627D27E6DD7100F39A0F /* ManageModel.swift */; };
		2A2C628127E713D000F39A0F /* DatabaseHelper.swift in Sources */ = {isa = PBXBuildFile; fileRef = 2A2C628027E713D000F39A0F /* DatabaseHelper.swift */; };
/* End PBXBuildFile section */

/* Begin PBXContainerItemProxy section */
		2A2C623C27E5AAA800F39A0F /* PBXContainerItemProxy */ = {
			isa = PBXContainerItemProxy;
			containerPortal = 2A2C621A27E5AAA400F39A0F /* Project object */;
			proxyType = 1;
			remoteGlobalIDString = 2A2C622127E5AAA400F39A0F;
			remoteInfo = GoldmanSachs;
		};
		2A2C624627E5AAA800F39A0F /* PBXContainerItemProxy */ = {
			isa = PBXContainerItemProxy;
			containerPortal = 2A2C621A27E5AAA400F39A0F /* Project object */;
			proxyType = 1;
			remoteGlobalIDString = 2A2C622127E5AAA400F39A0F;
			remoteInfo = GoldmanSachs;
		};
/* End PBXContainerItemProxy section */

/* Begin PBXFileReference section */
		2A2C622227E5AAA400F39A0F /* GoldmanSachs.app */ = {isa = PBXFileReference; explicitFileType = wrapper.application; includeInIndex = 0; path = GoldmanSachs.app; sourceTree = BUILT_PRODUCTS_DIR; };
		2A2C622527E5AAA400F39A0F /* AppDelegate.swift */ = {isa = PBXFileReference; lastKnownFileType = sourcecode.swift; path = AppDelegate.swift; sourceTree = "<group>"; };
		2A2C622727E5AAA400F39A0F /* SceneDelegate.swift */ = {isa = PBXFileReference; lastKnownFileType = sourcecode.swift; path = SceneDelegate.swift; sourceTree = "<group>"; };
		2A2C622927E5AAA400F39A0F /* HomeViewController.swift */ = {isa = PBXFileReference; lastKnownFileType = sourcecode.swift; path = HomeViewController.swift; sourceTree = "<group>"; };
		2A2C622C27E5AAA400F39A0F /* Base */ = {isa = PBXFileReference; lastKnownFileType = file.storyboard; name = Base; path = Base.lproj/Main.storyboard; sourceTree = "<group>"; };
		2A2C622F27E5AAA400F39A0F /* GoldmanSachs.xcdatamodel */ = {isa = PBXFileReference; lastKnownFileType = wrapper.xcdatamodel; path = GoldmanSachs.xcdatamodel; sourceTree = "<group>"; };
		2A2C623127E5AAA800F39A0F /* Assets.xcassets */ = {isa = PBXFileReference; lastKnownFileType = folder.assetcatalog; path = Assets.xcassets; sourceTree = "<group>"; };
		2A2C623427E5AAA800F39A0F /* Base */ = {isa = PBXFileReference; lastKnownFileType = file.storyboard; name = Base; path = Base.lproj/LaunchScreen.storyboard; sourceTree = "<group>"; };
		2A2C623627E5AAA800F39A0F /* Info.plist */ = {isa = PBXFileReference; lastKnownFileType = text.plist.xml; path = Info.plist; sourceTree = "<group>"; };
		2A2C623B27E5AAA800F39A0F /* GoldmanSachsTests.xctest */ = {isa = PBXFileReference; explicitFileType = wrapper.cfbundle; includeInIndex = 0; path = GoldmanSachsTests.xctest; sourceTree = BUILT_PRODUCTS_DIR; };
		2A2C623F27E5AAA800F39A0F /* GoldmanSachsTests.swift */ = {isa = PBXFileReference; lastKnownFileType = sourcecode.swift; path = GoldmanSachsTests.swift; sourceTree = "<group>"; };
		2A2C624527E5AAA800F39A0F /* GoldmanSachsUITests.xctest */ = {isa = PBXFileReference; explicitFileType = wrapper.cfbundle; includeInIndex = 0; path = GoldmanSachsUITests.xctest; sourceTree = BUILT_PRODUCTS_DIR; };
		2A2C624927E5AAA800F39A0F /* GoldmanSachsUITests.swift */ = {isa = PBXFileReference; lastKnownFileType = sourcecode.swift; path = GoldmanSachsUITests.swift; sourceTree = "<group>"; };
		2A2C624B27E5AAA800F39A0F /* GoldmanSachsUITestsLaunchTests.swift */ = {isa = PBXFileReference; lastKnownFileType = sourcecode.swift; path = GoldmanSachsUITestsLaunchTests.swift; sourceTree = "<group>"; };
		2A2C625927E5AACF00F39A0F /* DataModel.swift */ = {isa = PBXFileReference; lastKnownFileType = sourcecode.swift; path = DataModel.swift; sourceTree = "<group>"; };
		2A2C625E27E5ADE700F39A0F /* HomeViewModel.swift */ = {isa = PBXFileReference; lastKnownFileType = sourcecode.swift; path = HomeViewModel.swift; sourceTree = "<group>"; };
		2A2C626127E5AF6C00F39A0F /* NetworkLayer.swift */ = {isa = PBXFileReference; lastKnownFileType = sourcecode.swift; path = NetworkLayer.swift; sourceTree = "<group>"; };
		2A2C626327E5B28800F39A0F /* Constants.swift */ = {isa = PBXFileReference; lastKnownFileType = sourcecode.swift; path = Constants.swift; sourceTree = "<group>"; };
		2A2C626A27E5BEE400F39A0F /* CustomImageView.swift */ = {isa = PBXFileReference; lastKnownFileType = sourcecode.swift; path = CustomImageView.swift; sourceTree = "<group>"; };
		2A2C626C27E5C79F00F39A0F /* HomeTableViewCell.swift */ = {isa = PBXFileReference; lastKnownFileType = sourcecode.swift; path = HomeTableViewCell.swift; sourceTree = "<group>"; };
		2A2C626D27E5C79F00F39A0F /* HomeTableViewCell.xib */ = {isa = PBXFileReference; lastKnownFileType = file.xib; path = HomeTableViewCell.xib; sourceTree = "<group>"; };
		2A2C627127E62FF800F39A0F /* Reachibility.swift */ = {isa = PBXFileReference; fileEncoding = 4; lastKnownFileType = sourcecode.swift; path = Reachibility.swift; sourceTree = "<group>"; };
		2A2C627327E6300000F39A0F /* ReachabilityManager.swift */ = {isa = PBXFileReference; fileEncoding = 4; lastKnownFileType = sourcecode.swift; path = ReachabilityManager.swift; sourceTree = "<group>"; };
		2A2C627627E6DD4000F39A0F /* ManageViewController.swift */ = {isa = PBXFileReference; lastKnownFileType = sourcecode.swift; path = ManageViewController.swift; sourceTree = "<group>"; };
		2A2C627A27E6DD5D00F39A0F /* ManageViewModel.swift */ = {isa = PBXFileReference; lastKnownFileType = sourcecode.swift; path = ManageViewModel.swift; sourceTree = "<group>"; };
		2A2C627D27E6DD7100F39A0F /* ManageModel.swift */ = {isa = PBXFileReference; lastKnownFileType = sourcecode.swift; path = ManageModel.swift; sourceTree = "<group>"; };
		2A2C628027E713D000F39A0F /* DatabaseHelper.swift */ = {isa = PBXFileReference; lastKnownFileType = sourcecode.swift; path = DatabaseHelper.swift; sourceTree = "<group>"; };
/* End PBXFileReference section */

/* Begin PBXFrameworksBuildPhase section */
		2A2C621F27E5AAA400F39A0F /* Frameworks */ = {
			isa = PBXFrameworksBuildPhase;
			buildActionMask = 2147483647;
			files = (
			);
			runOnlyForDeploymentPostprocessing = 0;
		};
		2A2C623827E5AAA800F39A0F /* Frameworks */ = {
			isa = PBXFrameworksBuildPhase;
			buildActionMask = 2147483647;
			files = (
			);
			runOnlyForDeploymentPostprocessing = 0;
		};
		2A2C624227E5AAA800F39A0F /* Frameworks */ = {
			isa = PBXFrameworksBuildPhase;
			buildActionMask = 2147483647;
			files = (
			);
			runOnlyForDeploymentPostprocessing = 0;
		};
/* End PBXFrameworksBuildPhase section */

/* Begin PBXGroup section */
		2A2C621927E5AAA400F39A0F = {
			isa = PBXGroup;
			children = (
				2A2C622427E5AAA400F39A0F /* GoldmanSachs */,
				2A2C623E27E5AAA800F39A0F /* GoldmanSachsTests */,
				2A2C624827E5AAA800F39A0F /* GoldmanSachsUITests */,
				2A2C622327E5AAA400F39A0F /* Products */,
			);
			sourceTree = "<group>";
		};
		2A2C622327E5AAA400F39A0F /* Products */ = {
			isa = PBXGroup;
			children = (
				2A2C622227E5AAA400F39A0F /* GoldmanSachs.app */,
				2A2C623B27E5AAA800F39A0F /* GoldmanSachsTests.xctest */,
				2A2C624527E5AAA800F39A0F /* GoldmanSachsUITests.xctest */,
			);
			name = Products;
			sourceTree = "<group>";
		};
		2A2C622427E5AAA400F39A0F /* GoldmanSachs */ = {
			isa = PBXGroup;
			children = (
				2A2C627F27E713C200F39A0F /* CoreData */,
				2A2C627527E6DD2800F39A0F /* Manage */,
				2A2C626027E5AF5700F39A0F /* Helper */,
				2A2C625D27E5ADD100F39A0F /* Home */,
				2A2C622527E5AAA400F39A0F /* AppDelegate.swift */,
				2A2C622727E5AAA400F39A0F /* SceneDelegate.swift */,
				2A2C622B27E5AAA400F39A0F /* Main.storyboard */,
				2A2C623127E5AAA800F39A0F /* Assets.xcassets */,
				2A2C623327E5AAA800F39A0F /* LaunchScreen.storyboard */,
				2A2C623627E5AAA800F39A0F /* Info.plist */,
				2A2C622E27E5AAA400F39A0F /* GoldmanSachs.xcdatamodeld */,
			);
			path = GoldmanSachs;
			sourceTree = "<group>";
		};
		2A2C623E27E5AAA800F39A0F /* GoldmanSachsTests */ = {
			isa = PBXGroup;
			children = (
				2A2C623F27E5AAA800F39A0F /* GoldmanSachsTests.swift */,
			);
			path = GoldmanSachsTests;
			sourceTree = "<group>";
		};
		2A2C624827E5AAA800F39A0F /* GoldmanSachsUITests */ = {
			isa = PBXGroup;
			children = (
				2A2C624927E5AAA800F39A0F /* GoldmanSachsUITests.swift */,
				2A2C624B27E5AAA800F39A0F /* GoldmanSachsUITestsLaunchTests.swift */,
			);
			path = GoldmanSachsUITests;
			sourceTree = "<group>";
		};
		2A2C625827E5AAB700F39A0F /* Model */ = {
			isa = PBXGroup;
			children = (
				2A2C625927E5AACF00F39A0F /* DataModel.swift */,
			);
			path = Model;
			sourceTree = "<group>";
		};
		2A2C625B27E5ADBF00F39A0F /* ViewModel */ = {
			isa = PBXGroup;
			children = (
				2A2C625E27E5ADE700F39A0F /* HomeViewModel.swift */,
			);
			path = ViewModel;
			sourceTree = "<group>";
		};
		2A2C625D27E5ADD100F39A0F /* Home */ = {
			isa = PBXGroup;
			children = (
				2A2C626527E5B40C00F39A0F /* View */,
				2A2C625B27E5ADBF00F39A0F /* ViewModel */,
				2A2C625827E5AAB700F39A0F /* Model */,
			);
			path = Home;
			sourceTree = "<group>";
		};
		2A2C626027E5AF5700F39A0F /* Helper */ = {
			isa = PBXGroup;
			children = (
				2A2C626127E5AF6C00F39A0F /* NetworkLayer.swift */,
				2A2C627327E6300000F39A0F /* ReachabilityManager.swift */,
				2A2C627127E62FF800F39A0F /* Reachibility.swift */,
				2A2C626327E5B28800F39A0F /* Constants.swift */,
				2A2C626A27E5BEE400F39A0F /* CustomImageView.swift */,
			);
			path = Helper;
			sourceTree = "<group>";
		};
		2A2C626527E5B40C00F39A0F /* View */ = {
			isa = PBXGroup;
			children = (
				2A2C627027E6053400F39A0F /* Cell */,
				2A2C622927E5AAA400F39A0F /* HomeViewController.swift */,
			);
			path = View;
			sourceTree = "<group>";
		};
		2A2C627027E6053400F39A0F /* Cell */ = {
			isa = PBXGroup;
			children = (
				2A2C626C27E5C79F00F39A0F /* HomeTableViewCell.swift */,
				2A2C626D27E5C79F00F39A0F /* HomeTableViewCell.xib */,
			);
			path = Cell;
			sourceTree = "<group>";
		};
		2A2C627527E6DD2800F39A0F /* Manage */ = {
			isa = PBXGroup;
			children = (
				2A2C627C27E6DD6300F39A0F /* Model */,
				2A2C627927E6DD4F00F39A0F /* ViewModel */,
				2A2C627827E6DD4600F39A0F /* View */,
			);
			path = Manage;
			sourceTree = "<group>";
		};
		2A2C627827E6DD4600F39A0F /* View */ = {
			isa = PBXGroup;
			children = (
				2A2C627627E6DD4000F39A0F /* ManageViewController.swift */,
			);
			path = View;
			sourceTree = "<group>";
		};
		2A2C627927E6DD4F00F39A0F /* ViewModel */ = {
			isa = PBXGroup;
			children = (
				2A2C627A27E6DD5D00F39A0F /* ManageViewModel.swift */,
			);
			path = ViewModel;
			sourceTree = "<group>";
		};
		2A2C627C27E6DD6300F39A0F /* Model */ = {
			isa = PBXGroup;
			children = (
				2A2C627D27E6DD7100F39A0F /* ManageModel.swift */,
			);
			path = Model;
			sourceTree = "<group>";
		};
		2A2C627F27E713C200F39A0F /* CoreData */ = {
			isa = PBXGroup;
			children = (
				2A2C628027E713D000F39A0F /* DatabaseHelper.swift */,
			);
			path = CoreData;
			sourceTree = "<group>";
		};
/* End PBXGroup section */

/* Begin PBXNativeTarget section */
		2A2C622127E5AAA400F39A0F /* GoldmanSachs */ = {
			isa = PBXNativeTarget;
			buildConfigurationList = 2A2C624F27E5AAA800F39A0F /* Build configuration list for PBXNativeTarget "GoldmanSachs" */;
			buildPhases = (
				2A2C621E27E5AAA400F39A0F /* Sources */,
				2A2C621F27E5AAA400F39A0F /* Frameworks */,
				2A2C622027E5AAA400F39A0F /* Resources */,
			);
			buildRules = (
			);
			dependencies = (
			);
			name = GoldmanSachs;
			productName = GoldmanSachs;
			productReference = 2A2C622227E5AAA400F39A0F /* GoldmanSachs.app */;
			productType = "com.apple.product-type.application";
		};
		2A2C623A27E5AAA800F39A0F /* GoldmanSachsTests */ = {
			isa = PBXNativeTarget;
			buildConfigurationList = 2A2C625227E5AAA800F39A0F /* Build configuration list for PBXNativeTarget "GoldmanSachsTests" */;
			buildPhases = (
				2A2C623727E5AAA800F39A0F /* Sources */,
				2A2C623827E5AAA800F39A0F /* Frameworks */,
				2A2C623927E5AAA800F39A0F /* Resources */,
			);
			buildRules = (
			);
			dependencies = (
				2A2C623D27E5AAA800F39A0F /* PBXTargetDependency */,
			);
			name = GoldmanSachsTests;
			productName = GoldmanSachsTests;
			productReference = 2A2C623B27E5AAA800F39A0F /* GoldmanSachsTests.xctest */;
			productType = "com.apple.product-type.bundle.unit-test";
		};
		2A2C624427E5AAA800F39A0F /* GoldmanSachsUITests */ = {
			isa = PBXNativeTarget;
			buildConfigurationList = 2A2C625527E5AAA800F39A0F /* Build configuration list for PBXNativeTarget "GoldmanSachsUITests" */;
			buildPhases = (
				2A2C624127E5AAA800F39A0F /* Sources */,
				2A2C624227E5AAA800F39A0F /* Frameworks */,
				2A2C624327E5AAA800F39A0F /* Resources */,
			);
			buildRules = (
			);
			dependencies = (
				2A2C624727E5AAA800F39A0F /* PBXTargetDependency */,
			);
			name = GoldmanSachsUITests;
			productName = GoldmanSachsUITests;
			productReference = 2A2C624527E5AAA800F39A0F /* GoldmanSachsUITests.xctest */;
			productType = "com.apple.product-type.bundle.ui-testing";
		};
/* End PBXNativeTarget section */

/* Begin PBXProject section */
		2A2C621A27E5AAA400F39A0F /* Project object */ = {
			isa = PBXProject;
			attributes = {
				BuildIndependentTargetsInParallel = 1;
				LastSwiftUpdateCheck = 1300;
				LastUpgradeCheck = 1300;
				TargetAttributes = {
					2A2C622127E5AAA400F39A0F = {
						CreatedOnToolsVersion = 13.0;
					};
					2A2C623A27E5AAA800F39A0F = {
						CreatedOnToolsVersion = 13.0;
						TestTargetID = 2A2C622127E5AAA400F39A0F;
					};
					2A2C624427E5AAA800F39A0F = {
						CreatedOnToolsVersion = 13.0;
						TestTargetID = 2A2C622127E5AAA400F39A0F;
					};
				};
			};
			buildConfigurationList = 2A2C621D27E5AAA400F39A0F /* Build configuration list for PBXProject "GoldmanSachs" */;
			compatibilityVersion = "Xcode 13.0";
			developmentRegion = en;
			hasScannedForEncodings = 0;
			knownRegions = (
				en,
				Base,
			);
			mainGroup = 2A2C621927E5AAA400F39A0F;
			productRefGroup = 2A2C622327E5AAA400F39A0F /* Products */;
			projectDirPath = "";
			projectRoot = "";
			targets = (
				2A2C622127E5AAA400F39A0F /* GoldmanSachs */,
				2A2C623A27E5AAA800F39A0F /* GoldmanSachsTests */,
				2A2C624427E5AAA800F39A0F /* GoldmanSachsUITests */,
			);
		};
/* End PBXProject section */

/* Begin PBXResourcesBuildPhase section */
		2A2C622027E5AAA400F39A0F /* Resources */ = {
			isa = PBXResourcesBuildPhase;
			buildActionMask = 2147483647;
			files = (
				2A2C623527E5AAA800F39A0F /* LaunchScreen.storyboard in Resources */,
				2A2C623227E5AAA800F39A0F /* Assets.xcassets in Resources */,
				2A2C626F27E5C79F00F39A0F /* HomeTableViewCell.xib in Resources */,
				2A2C622D27E5AAA400F39A0F /* Main.storyboard in Resources */,
			);
			runOnlyForDeploymentPostprocessing = 0;
		};
		2A2C623927E5AAA800F39A0F /* Resources */ = {
			isa = PBXResourcesBuildPhase;
			buildActionMask = 2147483647;
			files = (
			);
			runOnlyForDeploymentPostprocessing = 0;
		};
		2A2C624327E5AAA800F39A0F /* Resources */ = {
			isa = PBXResourcesBuildPhase;
			buildActionMask = 2147483647;
			files = (
			);
			runOnlyForDeploymentPostprocessing = 0;
		};
/* End PBXResourcesBuildPhase section */

/* Begin PBXSourcesBuildPhase section */
		2A2C621E27E5AAA400F39A0F /* Sources */ = {
			isa = PBXSourcesBuildPhase;
			buildActionMask = 2147483647;
			files = (
				2A2C627E27E6DD7100F39A0F /* ManageModel.swift in Sources */,
				2A2C626227E5AF6C00F39A0F /* NetworkLayer.swift in Sources */,
				2A2C627227E62FF800F39A0F /* Reachibility.swift in Sources */,
				2A2C625A27E5AACF00F39A0F /* DataModel.swift in Sources */,
				2A2C628127E713D000F39A0F /* DatabaseHelper.swift in Sources */,
				2A2C625F27E5ADE700F39A0F /* HomeViewModel.swift in Sources */,
				2A2C627427E6300100F39A0F /* ReachabilityManager.swift in Sources */,
				2A2C622A27E5AAA400F39A0F /* HomeViewController.swift in Sources */,
				2A2C623027E5AAA400F39A0F /* GoldmanSachs.xcdatamodeld in Sources */,
				2A2C626E27E5C79F00F39A0F /* HomeTableViewCell.swift in Sources */,
				2A2C626B27E5BEE400F39A0F /* CustomImageView.swift in Sources */,
				2A2C622627E5AAA400F39A0F /* AppDelegate.swift in Sources */,
				2A2C627727E6DD4000F39A0F /* ManageViewController.swift in Sources */,
				2A2C627B27E6DD5D00F39A0F /* ManageViewModel.swift in Sources */,
				2A2C622827E5AAA400F39A0F /* SceneDelegate.swift in Sources */,
				2A2C626427E5B28800F39A0F /* Constants.swift in Sources */,
			);
			runOnlyForDeploymentPostprocessing = 0;
		};
		2A2C623727E5AAA800F39A0F /* Sources */ = {
			isa = PBXSourcesBuildPhase;
			buildActionMask = 2147483647;
			files = (
				2A2C624027E5AAA800F39A0F /* GoldmanSachsTests.swift in Sources */,
			);
			runOnlyForDeploymentPostprocessing = 0;
		};
		2A2C624127E5AAA800F39A0F /* Sources */ = {
			isa = PBXSourcesBuildPhase;
			buildActionMask = 2147483647;
			files = (
				2A2C624C27E5AAA800F39A0F /* GoldmanSachsUITestsLaunchTests.swift in Sources */,
				2A2C624A27E5AAA800F39A0F /* GoldmanSachsUITests.swift in Sources */,
			);
			runOnlyForDeploymentPostprocessing = 0;
		};
/* End PBXSourcesBuildPhase section */

/* Begin PBXTargetDependency section */
		2A2C623D27E5AAA800F39A0F /* PBXTargetDependency */ = {
			isa = PBXTargetDependency;
			target = 2A2C622127E5AAA400F39A0F /* GoldmanSachs */;
			targetProxy = 2A2C623C27E5AAA800F39A0F /* PBXContainerItemProxy */;
		};
		2A2C624727E5AAA800F39A0F /* PBXTargetDependency */ = {
			isa = PBXTargetDependency;
			target = 2A2C622127E5AAA400F39A0F /* GoldmanSachs */;
			targetProxy = 2A2C624627E5AAA800F39A0F /* PBXContainerItemProxy */;
		};
/* End PBXTargetDependency section */

/* Begin PBXVariantGroup section */
		2A2C622B27E5AAA400F39A0F /* Main.storyboard */ = {
			isa = PBXVariantGroup;
			children = (
				2A2C622C27E5AAA400F39A0F /* Base */,
			);
			name = Main.storyboard;
			sourceTree = "<group>";
		};
		2A2C623327E5AAA800F39A0F /* LaunchScreen.storyboard */ = {
			isa = PBXVariantGroup;
			children = (
				2A2C623427E5AAA800F39A0F /* Base */,
			);
			name = LaunchScreen.storyboard;
			sourceTree = "<group>";
		};
/* End PBXVariantGroup section */

/* Begin XCBuildConfiguration section */
		2A2C624D27E5AAA800F39A0F /* Debug */ = {
			isa = XCBuildConfiguration;
			buildSettings = {
				ALWAYS_SEARCH_USER_PATHS = NO;
				CLANG_ANALYZER_NONNULL = YES;
				CLANG_ANALYZER_NUMBER_OBJECT_CONVERSION = YES_AGGRESSIVE;
				CLANG_CXX_LANGUAGE_STANDARD = "gnu++17";
				CLANG_CXX_LIBRARY = "libc++";
				CLANG_ENABLE_MODULES = YES;
				CLANG_ENABLE_OBJC_ARC = YES;
				CLANG_ENABLE_OBJC_WEAK = YES;
				CLANG_WARN_BLOCK_CAPTURE_AUTORELEASING = YES;
				CLANG_WARN_BOOL_CONVERSION = YES;
				CLANG_WARN_COMMA = YES;
				CLANG_WARN_CONSTANT_CONVERSION = YES;
				CLANG_WARN_DEPRECATED_OBJC_IMPLEMENTATIONS = YES;
				CLANG_WARN_DIRECT_OBJC_ISA_USAGE = YES_ERROR;
				CLANG_WARN_DOCUMENTATION_COMMENTS = YES;
				CLANG_WARN_EMPTY_BODY = YES;
				CLANG_WARN_ENUM_CONVERSION = YES;
				CLANG_WARN_INFINITE_RECURSION = YES;
				CLANG_WARN_INT_CONVERSION = YES;
				CLANG_WARN_NON_LITERAL_NULL_CONVERSION = YES;
				CLANG_WARN_OBJC_IMPLICIT_RETAIN_SELF = YES;
				CLANG_WARN_OBJC_LITERAL_CONVERSION = YES;
				CLANG_WARN_OBJC_ROOT_CLASS = YES_ERROR;
				CLANG_WARN_QUOTED_INCLUDE_IN_FRAMEWORK_HEADER = YES;
				CLANG_WARN_RANGE_LOOP_ANALYSIS = YES;
				CLANG_WARN_STRICT_PROTOTYPES = YES;
				CLANG_WARN_SUSPICIOUS_MOVE = YES;
				CLANG_WARN_UNGUARDED_AVAILABILITY = YES_AGGRESSIVE;
				CLANG_WARN_UNREACHABLE_CODE = YES;
				CLANG_WARN__DUPLICATE_METHOD_MATCH = YES;
				COPY_PHASE_STRIP = NO;
				DEBUG_INFORMATION_FORMAT = dwarf;
				ENABLE_STRICT_OBJC_MSGSEND = YES;
				ENABLE_TESTABILITY = YES;
				GCC_C_LANGUAGE_STANDARD = gnu11;
				GCC_DYNAMIC_NO_PIC = NO;
				GCC_NO_COMMON_BLOCKS = YES;
				GCC_OPTIMIZATION_LEVEL = 0;
				GCC_PREPROCESSOR_DEFINITIONS = (
					"DEBUG=1",
					"$(inherited)",
				);
				GCC_WARN_64_TO_32_BIT_CONVERSION = YES;
				GCC_WARN_ABOUT_RETURN_TYPE = YES_ERROR;
				GCC_WARN_UNDECLARED_SELECTOR = YES;
				GCC_WARN_UNINITIALIZED_AUTOS = YES_AGGRESSIVE;
				GCC_WARN_UNUSED_FUNCTION = YES;
				GCC_WARN_UNUSED_VARIABLE = YES;
				IPHONEOS_DEPLOYMENT_TARGET = 15.0;
				MTL_ENABLE_DEBUG_INFO = INCLUDE_SOURCE;
				MTL_FAST_MATH = YES;
				ONLY_ACTIVE_ARCH = YES;
				SDKROOT = iphoneos;
				SWIFT_ACTIVE_COMPILATION_CONDITIONS = DEBUG;
				SWIFT_OPTIMIZATION_LEVEL = "-Onone";
			};
			name = Debug;
		};
		2A2C624E27E5AAA800F39A0F /* Release */ = {
			isa = XCBuildConfiguration;
			buildSettings = {
				ALWAYS_SEARCH_USER_PATHS = NO;
				CLANG_ANALYZER_NONNULL = YES;
				CLANG_ANALYZER_NUMBER_OBJECT_CONVERSION = YES_AGGRESSIVE;
				CLANG_CXX_LANGUAGE_STANDARD = "gnu++17";
				CLANG_CXX_LIBRARY = "libc++";
				CLANG_ENABLE_MODULES = YES;
				CLANG_ENABLE_OBJC_ARC = YES;
				CLANG_ENABLE_OBJC_WEAK = YES;
				CLANG_WARN_BLOCK_CAPTURE_AUTORELEASING = YES;
				CLANG_WARN_BOOL_CONVERSION = YES;
				CLANG_WARN_COMMA = YES;
				CLANG_WARN_CONSTANT_CONVERSION = YES;
				CLANG_WARN_DEPRECATED_OBJC_IMPLEMENTATIONS = YES;
				CLANG_WARN_DIRECT_OBJC_ISA_USAGE = YES_ERROR;
				CLANG_WARN_DOCUMENTATION_COMMENTS = YES;
				CLANG_WARN_EMPTY_BODY = YES;
				CLANG_WARN_ENUM_CONVERSION = YES;
				CLANG_WARN_INFINITE_RECURSION = YES;
				CLANG_WARN_INT_CONVERSION = YES;
				CLANG_WARN_NON_LITERAL_NULL_CONVERSION = YES;
				CLANG_WARN_OBJC_IMPLICIT_RETAIN_SELF = YES;
				CLANG_WARN_OBJC_LITERAL_CONVERSION = YES;
				CLANG_WARN_OBJC_ROOT_CLASS = YES_ERROR;
				CLANG_WARN_QUOTED_INCLUDE_IN_FRAMEWORK_HEADER = YES;
				CLANG_WARN_RANGE_LOOP_ANALYSIS = YES;
				CLANG_WARN_STRICT_PROTOTYPES = YES;
				CLANG_WARN_SUSPICIOUS_MOVE = YES;
				CLANG_WARN_UNGUARDED_AVAILABILITY = YES_AGGRESSIVE;
				CLANG_WARN_UNREACHABLE_CODE = YES;
				CLANG_WARN__DUPLICATE_METHOD_MATCH = YES;
				COPY_PHASE_STRIP = NO;
				DEBUG_INFORMATION_FORMAT = "dwarf-with-dsym";
				ENABLE_NS_ASSERTIONS = NO;
				ENABLE_STRICT_OBJC_MSGSEND = YES;
				GCC_C_LANGUAGE_STANDARD = gnu11;
				GCC_NO_COMMON_BLOCKS = YES;
				GCC_WARN_64_TO_32_BIT_CONVERSION = YES;
				GCC_WARN_ABOUT_RETURN_TYPE = YES_ERROR;
				GCC_WARN_UNDECLARED_SELECTOR = YES;
				GCC_WARN_UNINITIALIZED_AUTOS = YES_AGGRESSIVE;
				GCC_WARN_UNUSED_FUNCTION = YES;
				GCC_WARN_UNUSED_VARIABLE = YES;
				IPHONEOS_DEPLOYMENT_TARGET = 15.0;
				MTL_ENABLE_DEBUG_INFO = NO;
				MTL_FAST_MATH = YES;
				SDKROOT = iphoneos;
				SWIFT_COMPILATION_MODE = wholemodule;
				SWIFT_OPTIMIZATION_LEVEL = "-O";
				VALIDATE_PRODUCT = YES;
			};
			name = Release;
		};
		2A2C625027E5AAA800F39A0F /* Debug */ = {
			isa = XCBuildConfiguration;
			buildSettings = {
				ASSETCATALOG_COMPILER_APPICON_NAME = AppIcon;
				ASSETCATALOG_COMPILER_GLOBAL_ACCENT_COLOR_NAME = AccentColor;
				CODE_SIGN_STYLE = Automatic;
				CURRENT_PROJECT_VERSION = 1;
				GENERATE_INFOPLIST_FILE = YES;
				INFOPLIST_FILE = GoldmanSachs/Info.plist;
				INFOPLIST_KEY_UIApplicationSupportsIndirectInputEvents = YES;
				INFOPLIST_KEY_UILaunchStoryboardName = LaunchScreen;
				INFOPLIST_KEY_UIMainStoryboardFile = Main;
				INFOPLIST_KEY_UISupportedInterfaceOrientations_iPad = "UIInterfaceOrientationPortrait UIInterfaceOrientationPortraitUpsideDown UIInterfaceOrientationLandscapeLeft UIInterfaceOrientationLandscapeRight";
				INFOPLIST_KEY_UISupportedInterfaceOrientations_iPhone = "UIInterfaceOrientationPortrait UIInterfaceOrientationLandscapeLeft UIInterfaceOrientationLandscapeRight";
				LD_RUNPATH_SEARCH_PATHS = (
					"$(inherited)",
					"@executable_path/Frameworks",
				);
				MARKETING_VERSION = 1.0;
				PRODUCT_BUNDLE_IDENTIFIER = com.a1.develop.GoldmanSachs;
				PRODUCT_NAME = "$(TARGET_NAME)";
				SWIFT_EMIT_LOC_STRINGS = YES;
				SWIFT_VERSION = 5.0;
				TARGETED_DEVICE_FAMILY = "1,2";
			};
			name = Debug;
		};
		2A2C625127E5AAA800F39A0F /* Release */ = {
			isa = XCBuildConfiguration;
			buildSettings = {
				ASSETCATALOG_COMPILER_APPICON_NAME = AppIcon;
				ASSETCATALOG_COMPILER_GLOBAL_ACCENT_COLOR_NAME = AccentColor;
				CODE_SIGN_STYLE = Automatic;
				CURRENT_PROJECT_VERSION = 1;
				GENERATE_INFOPLIST_FILE = YES;
				INFOPLIST_FILE = GoldmanSachs/Info.plist;
				INFOPLIST_KEY_UIApplicationSupportsIndirectInputEvents = YES;
				INFOPLIST_KEY_UILaunchStoryboardName = LaunchScreen;
				INFOPLIST_KEY_UIMainStoryboardFile = Main;
				INFOPLIST_KEY_UISupportedInterfaceOrientations_iPad = "UIInterfaceOrientationPortrait UIInterfaceOrientationPortraitUpsideDown UIInterfaceOrientationLandscapeLeft UIInterfaceOrientationLandscapeRight";
				INFOPLIST_KEY_UISupportedInterfaceOrientations_iPhone = "UIInterfaceOrientationPortrait UIInterfaceOrientationLandscapeLeft UIInterfaceOrientationLandscapeRight";
				LD_RUNPATH_SEARCH_PATHS = (
					"$(inherited)",
					"@executable_path/Frameworks",
				);
				MARKETING_VERSION = 1.0;
				PRODUCT_BUNDLE_IDENTIFIER = com.a1.develop.GoldmanSachs;
				PRODUCT_NAME = "$(TARGET_NAME)";
				SWIFT_EMIT_LOC_STRINGS = YES;
				SWIFT_VERSION = 5.0;
				TARGETED_DEVICE_FAMILY = "1,2";
			};
			name = Release;
		};
		2A2C625327E5AAA800F39A0F /* Debug */ = {
			isa = XCBuildConfiguration;
			buildSettings = {
				ALWAYS_EMBED_SWIFT_STANDARD_LIBRARIES = YES;
				BUNDLE_LOADER = "$(TEST_HOST)";
				CODE_SIGN_STYLE = Automatic;
				CURRENT_PROJECT_VERSION = 1;
				GENERATE_INFOPLIST_FILE = YES;
				IPHONEOS_DEPLOYMENT_TARGET = 15.0;
				LD_RUNPATH_SEARCH_PATHS = (
					"$(inherited)",
					"@executable_path/Frameworks",
					"@loader_path/Frameworks",
				);
				MARKETING_VERSION = 1.0;
				PRODUCT_BUNDLE_IDENTIFIER = com.a1.develop.GoldmanSachsTests;
				PRODUCT_NAME = "$(TARGET_NAME)";
				SWIFT_EMIT_LOC_STRINGS = NO;
				SWIFT_VERSION = 5.0;
				TARGETED_DEVICE_FAMILY = "1,2";
				TEST_HOST = "$(BUILT_PRODUCTS_DIR)/GoldmanSachs.app/GoldmanSachs";
			};
			name = Debug;
		};
		2A2C625427E5AAA800F39A0F /* Release */ = {
			isa = XCBuildConfiguration;
			buildSettings = {
				ALWAYS_EMBED_SWIFT_STANDARD_LIBRARIES = YES;
				BUNDLE_LOADER = "$(TEST_HOST)";
				CODE_SIGN_STYLE = Automatic;
				CURRENT_PROJECT_VERSION = 1;
				GENERATE_INFOPLIST_FILE = YES;
				IPHONEOS_DEPLOYMENT_TARGET = 15.0;
				LD_RUNPATH_SEARCH_PATHS = (
					"$(inherited)",
					"@executable_path/Frameworks",
					"@loader_path/Frameworks",
				);
				MARKETING_VERSION = 1.0;
				PRODUCT_BUNDLE_IDENTIFIER = com.a1.develop.GoldmanSachsTests;
				PRODUCT_NAME = "$(TARGET_NAME)";
				SWIFT_EMIT_LOC_STRINGS = NO;
				SWIFT_VERSION = 5.0;
				TARGETED_DEVICE_FAMILY = "1,2";
				TEST_HOST = "$(BUILT_PRODUCTS_DIR)/GoldmanSachs.app/GoldmanSachs";
			};
			name = Release;
		};
		2A2C625627E5AAA800F39A0F /* Debug */ = {
			isa = XCBuildConfiguration;
			buildSettings = {
				ALWAYS_EMBED_SWIFT_STANDARD_LIBRARIES = YES;
				CODE_SIGN_STYLE = Automatic;
				CURRENT_PROJECT_VERSION = 1;
				GENERATE_INFOPLIST_FILE = YES;
				LD_RUNPATH_SEARCH_PATHS = (
					"$(inherited)",
					"@executable_path/Frameworks",
					"@loader_path/Frameworks",
				);
				MARKETING_VERSION = 1.0;
				PRODUCT_BUNDLE_IDENTIFIER = com.a1.develop.GoldmanSachsUITests;
				PRODUCT_NAME = "$(TARGET_NAME)";
				SWIFT_EMIT_LOC_STRINGS = NO;
				SWIFT_VERSION = 5.0;
				TARGETED_DEVICE_FAMILY = "1,2";
				TEST_TARGET_NAME = GoldmanSachs;
			};
			name = Debug;
		};
		2A2C625727E5AAA800F39A0F /* Release */ = {
			isa = XCBuildConfiguration;
			buildSettings = {
				ALWAYS_EMBED_SWIFT_STANDARD_LIBRARIES = YES;
				CODE_SIGN_STYLE = Automatic;
				CURRENT_PROJECT_VERSION = 1;
				GENERATE_INFOPLIST_FILE = YES;
				LD_RUNPATH_SEARCH_PATHS = (
					"$(inherited)",
					"@executable_path/Frameworks",
					"@loader_path/Frameworks",
				);
				MARKETING_VERSION = 1.0;
				PRODUCT_BUNDLE_IDENTIFIER = com.a1.develop.GoldmanSachsUITests;
				PRODUCT_NAME = "$(TARGET_NAME)";
				SWIFT_EMIT_LOC_STRINGS = NO;
				SWIFT_VERSION = 5.0;
				TARGETED_DEVICE_FAMILY = "1,2";
				TEST_TARGET_NAME = GoldmanSachs;
			};
			name = Release;
		};
/* End XCBuildConfiguration section */

/* Begin XCConfigurationList section */
		2A2C621D27E5AAA400F39A0F /* Build configuration list for PBXProject "GoldmanSachs" */ = {
			isa = XCConfigurationList;
			buildConfigurations = (
				2A2C624D27E5AAA800F39A0F /* Debug */,
				2A2C624E27E5AAA800F39A0F /* Release */,
			);
			defaultConfigurationIsVisible = 0;
			defaultConfigurationName = Release;
		};
		2A2C624F27E5AAA800F39A0F /* Build configuration list for PBXNativeTarget "GoldmanSachs" */ = {
			isa = XCConfigurationList;
			buildConfigurations = (
				2A2C625027E5AAA800F39A0F /* Debug */,
				2A2C625127E5AAA800F39A0F /* Release */,
			);
			defaultConfigurationIsVisible = 0;
			defaultConfigurationName = Release;
		};
		2A2C625227E5AAA800F39A0F /* Build configuration list for PBXNativeTarget "GoldmanSachsTests" */ = {
			isa = XCConfigurationList;
			buildConfigurations = (
				2A2C625327E5AAA800F39A0F /* Debug */,
				2A2C625427E5AAA800F39A0F /* Release */,
			);
			defaultConfigurationIsVisible = 0;
			defaultConfigurationName = Release;
		};
		2A2C625527E5AAA800F39A0F /* Build configuration list for PBXNativeTarget "GoldmanSachsUITests" */ = {
			isa = XCConfigurationList;
			buildConfigurations = (
				2A2C625627E5AAA800F39A0F /* Debug */,
				2A2C625727E5AAA800F39A0F /* Release */,
			);
			defaultConfigurationIsVisible = 0;
			defaultConfigurationName = Release;
		};
/* End XCConfigurationList section */

/* Begin XCVersionGroup section */
		2A2C622E27E5AAA400F39A0F /* GoldmanSachs.xcdatamodeld */ = {
			isa = XCVersionGroup;
			children = (
				2A2C622F27E5AAA400F39A0F /* GoldmanSachs.xcdatamodel */,
			);
			currentVersion = 2A2C622F27E5AAA400F39A0F /* GoldmanSachs.xcdatamodel */;
			path = GoldmanSachs.xcdatamodeld;
			sourceTree = "<group>";
			versionGroupType = wrapper.xcdatamodel;
		};
/* End XCVersionGroup section */
	};
	rootObject = 2A2C621A27E5AAA400F39A0F /* Project object */;
}
